Microsoft Visual Studio Solution File, Format Version 12.00
# Visual Studio 2012
Project("{8BC9CEB8-8B4A-11D0-8D11-00A0C91BC942}") = "ovxlib", "ovxlib.vcxproj", "{53428C86-5294-4143-80E1-33140A45BF82}"
EndProject
Project("{8BC9CEB8-8B4A-11D0-8D11-00A0C91BC942}") = "jpeg", "third-party\jpeg-9b\jpeg.vcxproj", "{D9873405-2CD5-49FE-8FE3-188357003E9D}"
EndProject
Project("{8BC9CEB8-8B4A-11D0-8D11-00A0C91BC942}") = "lenet", "test\lenet\lenet.vcxproj", "{D9873405-2CD5-49FE-8FE3-188357003E9E}"
	ProjectSection(ProjectDependencies) = postProject
		{D9873405-2CD5-49FE-8FE3-188357003E9D} = {D9873405-2CD5-49FE-8FE3-188357003E9D}
		{53428C86-5294-4143-80E1-33140A45BF82} = {53428C86-5294-4143-80E1-33140A45BF82}
	EndProjectSection
EndProject
Global
	GlobalSection(SolutionConfigurationPlatforms) = preSolution
		Debug|Win32 = Debug|Win32
		Debug|x64 = Debug|x64
		Jenkins-Debug|Win32 = Jenkins-Debug|Win32
		Jenkins-Debug|x64 = Jenkins-Debug|x64
		Jenkins-Debug-NNApi0.4|Win32 = Jenkins-Debug-NNApi0.4|Win32
		Jenkins-Debug-NNApi0.4|x64 = Jenkins-Debug-NNApi0.4|x64
		Release_dynamic|Win32 = Release_dynamic|Win32
		Release_dynamic|x64 = Release_dynamic|x64
	EndGlobalSection
	GlobalSection(ProjectConfigurationPlatforms) = postSolution
		{53428C86-5294-4143-80E1-33140A45BF82}.Debug|Win32.ActiveCfg = Debug|Win32
		{53428C86-5294-4143-80E1-33140A45BF82}.Debug|Win32.Build.0 = Debug|Win32
		{53428C86-5294-4143-80E1-33140A45BF82}.Debug|x64.ActiveCfg = Jenkins-Debug|x64
		{53428C86-5294-4143-80E1-33140A45BF82}.Debug|x64.Build.0 = Jenkins-Debug|x64
		{53428C86-5294-4143-80E1-33140A45BF82}.Jenkins-Debug|Win32.ActiveCfg = Jenkins-Debug|Win32
		{53428C86-5294-4143-80E1-33140A45BF82}.Jenkins-Debug|Win32.Build.0 = Jenkins-Debug|Win32
		{53428C86-5294-4143-80E1-33140A45BF82}.Jenkins-Debug|x64.ActiveCfg = Jenkins-Debug|x64
		{53428C86-5294-4143-80E1-33140A45BF82}.Jenkins-Debug|x64.Build.0 = Jenkins-Debug|x64
		{53428C86-5294-4143-80E1-33140A45BF82}.Jenkins-Debug-NNApi0.4|Win32.ActiveCfg = Jenkins-Debug-NNApi0.4|Win32
		{53428C86-5294-4143-80E1-33140A45BF82}.Jenkins-Debug-NNApi0.4|Win32.Build.0 = Jenkins-Debug-NNApi0.4|Win32
		{53428C86-5294-4143-80E1-33140A45BF82}.Jenkins-Debug-NNApi0.4|x64.ActiveCfg = Jenkins-Debug-NNApi0.4|x64
		{53428C86-5294-4143-80E1-33140A45BF82}.Jenkins-Debug-NNApi0.4|x64.Build.0 = Jenkins-Debug-NNApi0.4|x64
		{53428C86-5294-4143-80E1-33140A45BF82}.Release_dynamic|Win32.ActiveCfg = Release_dynamic|Win32
		{53428C86-5294-4143-80E1-33140A45BF82}.Release_dynamic|Win32.Build.0 = Release_dynamic|Win32
		{53428C86-5294-4143-80E1-33140A45BF82}.Release_dynamic|x64.ActiveCfg = Release_dynamic|x64
		{53428C86-5294-4143-80E1-33140A45BF82}.Release_dynamic|x64.Build.0 = Release_dynamic|x64
		{D9873405-2CD5-49FE-8FE3-188357003E9D}.Debug|Win32.ActiveCfg = Debug|Win32
		{D9873405-2CD5-49FE-8FE3-188357003E9D}.Debug|Win32.Build.0 = Debug|Win32
		{D9873405-2CD5-49FE-8FE3-188357003E9D}.Debug|x64.ActiveCfg = Debug|x64
		{D9873405-2CD5-49FE-8FE3-188357003E9D}.Jenkins-Debug|Win32.ActiveCfg = Jenkins-Debug|Win32
		{D9873405-2CD5-49FE-8FE3-188357003E9D}.Jenkins-Debug|Win32.Build.0 = Jenkins-Debug|Win32
		{D9873405-2CD5-49FE-8FE3-188357003E9D}.Jenkins-Debug|x64.ActiveCfg = Jenkins-Debug|Win32
		{D9873405-2CD5-49FE-8FE3-188357003E9D}.Jenkins-Debug-NNApi0.4|Win32.ActiveCfg = Jenkins-Debug-NNApi0.4|Win32
		{D9873405-2CD5-49FE-8FE3-188357003E9D}.Jenkins-Debug-NNApi0.4|Win32.Build.0 = Jenkins-Debug-NNApi0.4|Win32
		{D9873405-2CD5-49FE-8FE3-188357003E9D}.Jenkins-Debug-NNApi0.4|x64.ActiveCfg = Jenkins-Debug-NNApi0.4|Win32
		{D9873405-2CD5-49FE-8FE3-188357003E9D}.Release_dynamic|Win32.ActiveCfg = Release_dynamic|Win32
		{D9873405-2CD5-49FE-8FE3-188357003E9D}.Release_dynamic|Win32.Build.0 = Release_dynamic|Win32
		{D9873405-2CD5-49FE-8FE3-188357003E9D}.Release_dynamic|x64.ActiveCfg = Release_dynamic|Win32
		{D9873405-2CD5-49FE-8FE3-188357003E9E}.Debug|Win32.ActiveCfg = Debug|Win32
		{D9873405-2CD5-49FE-8FE3-188357003E9E}.Debug|Win32.Build.0 = Debug|Win32
		{D9873405-2CD5-49FE-8FE3-188357003E9E}.Debug|x64.ActiveCfg = Debug|x64
		{D9873405-2CD5-49FE-8FE3-188357003E9E}.Jenkins-Debug|Win32.ActiveCfg = Jenkins-Debug|Win32
		{D9873405-2CD5-49FE-8FE3-188357003E9E}.Jenkins-Debug|Win32.Build.0 = Jenkins-Debug|Win32
		{D9873405-2CD5-49FE-8FE3-188357003E9E}.Jenkins-Debug|x64.ActiveCfg = Jenkins-Debug|Win32
		{D9873405-2CD5-49FE-8FE3-188357003E9E}.Jenkins-Debug-NNApi0.4|Win32.ActiveCfg = Jenkins-Debug-NNApi0.4|Win32
		{D9873405-2CD5-49FE-8FE3-188357003E9E}.Jenkins-Debug-NNApi0.4|Win32.Build.0 = Jenkins-Debug-NNApi0.4|Win32
		{D9873405-2CD5-49FE-8FE3-188357003E9E}.Jenkins-Debug-NNApi0.4|x64.ActiveCfg = Jenkins-Debug-NNApi0.4|Win32
		{D9873405-2CD5-49FE-8FE3-188357003E9E}.Release_dynamic|Win32.ActiveCfg = Release_dynamic|Win32
		{D9873405-2CD5-49FE-8FE3-188357003E9E}.Release_dynamic|Win32.Build.0 = Release_dynamic|Win32
		{D9873405-2CD5-49FE-8FE3-188357003E9E}.Release_dynamic|x64.ActiveCfg = Release_dynamic|Win32
	EndGlobalSection
	GlobalSection(SolutionProperties) = preSolution
		HideSolutionNode = FALSE
	EndGlobalSection
EndGlobal
