<?xml version="1.0" encoding="utf-8"?>
<Project ToolsVersion="4.0" xmlns="http://schemas.microsoft.com/developer/msbuild/2003">
  <ItemGroup>
    <Filter Include="Source Files">
      <UniqueIdentifier>{4FC737F1-C7A5-4376-A066-2A32D752A2FF}</UniqueIdentifier>
      <Extensions>cpp;c;cc;cxx;def;odl;idl;hpj;bat;asm;asmx</Extensions>
    </Filter>
    <Filter Include="Header Files">
      <UniqueIdentifier>{93995380-89BD-4b04-88EB-625FBE52EBFB}</UniqueIdentifier>
      <Extensions>h;hh;hpp;hxx;hm;inl;inc;xsd</Extensions>
    </Filter>
    <Filter Include="Resource Files">
      <UniqueIdentifier>{67DA6AB6-F800-4c08-8B7A-83BB121AAD01}</UniqueIdentifier>
      <Extensions>rc;ico;cur;bmp;dlg;rc2;rct;bin;rgs;gif;jpg;jpeg;jpe;resx;tiff;tif;png;wav;mfcribbon-ms</Extensions>
    </Filter>
    <Filter Include="Header Files\graph_transformations">
      <UniqueIdentifier>{1c70c6bf-2afa-4835-95d5-491e27c8da40}</UniqueIdentifier>
    </Filter>
    <Filter Include="Source Files\graph_transformations">
      <UniqueIdentifier>{c46a7b28-7437-4a8e-9f88-9ec67b542181}</UniqueIdentifier>
    </Filter>
  </ItemGroup>
  <ItemGroup>
    <ClInclude Include="file_map_memory.h">
      <Filter>Header Files</Filter>
    </ClInclude>
    <ClInclude Include="memory_pool.h">
      <Filter>Header Files</Filter>
    </ClInclude>
    <ClInclude Include="model.h">
      <Filter>Header Files</Filter>
    </ClInclude>
    <ClInclude Include="NeuralNetworks.h">
      <Filter>Header Files</Filter>
    </ClInclude>
    <ClInclude Include="operand.h">
      <Filter>Header Files</Filter>
    </ClInclude>
    <ClInclude Include="operation.h">
      <Filter>Header Files</Filter>
    </ClInclude>
    <ClInclude Include="ovxlib_delegate.h">
      <Filter>Header Files</Filter>
    </ClInclude>
    <ClInclude Include="prepared_model.h">
      <Filter>Header Files</Filter>
    </ClInclude>
    <ClInclude Include="types.h">
      <Filter>Header Files</Filter>
    </ClInclude>
    <ClInclude Include="utils.h">
      <Filter>Header Files</Filter>
    </ClInclude>
    <ClInclude Include="compilation.h">
      <Filter>Header Files</Filter>
    </ClInclude>
    <ClInclude Include="error.h">
      <Filter>Header Files</Filter>
    </ClInclude>
    <ClInclude Include="event.h">
      <Filter>Header Files</Filter>
    </ClInclude>
    <ClInclude Include="execution.h">
      <Filter>Header Files</Filter>
    </ClInclude>
    <ClInclude Include="graph_transformations\transformations.h">
      <Filter>Header Files\graph_transformations</Filter>
    </ClInclude>
  </ItemGroup>
  <ItemGroup>
    <ClCompile Include="compilation.cc">
      <Filter>Source Files</Filter>
    </ClCompile>
    <ClCompile Include="event.cc">
      <Filter>Source Files</Filter>
    </ClCompile>
    <ClCompile Include="graph_transformations\transformations.cc">
      <Filter>Source Files\graph_transformations</Filter>
    </ClCompile>
    <ClCompile Include="execution.cc">
      <Filter>Source Files</Filter>
    </ClCompile>
    <ClCompile Include="file_map_memory.cc">
      <Filter>Source Files</Filter>
    </ClCompile>
    <ClCompile Include="memory_pool.cc">
      <Filter>Source Files</Filter>
    </ClCompile>
    <ClCompile Include="model.cc">
      <Filter>Source Files</Filter>
    </ClCompile>
    <ClCompile Include="NeuralNetworks.cc">
      <Filter>Source Files</Filter>
    </ClCompile>
    <ClCompile Include="operand.cc">
      <Filter>Source Files</Filter>
    </ClCompile>
    <ClCompile Include="operation.cc">
      <Filter>Source Files</Filter>
    </ClCompile>
    <ClCompile Include="ovxlib_delegate.cc">
      <Filter>Source Files</Filter>
    </ClCompile>
    <ClCompile Include="prepared_model.cc">
      <Filter>Source Files</Filter>
    </ClCompile>
    <ClCompile Include="utils.cc">
      <Filter>Source Files</Filter>
    </ClCompile>
    <ClCompile Include="graph_transformations\align_broadcast_op.cc">
      <Filter>Source Files\graph_transformations</Filter>
    </ClCompile>
    <ClCompile Include="graph_transformations\fp32tofp16.cc">
      <Filter>Source Files\graph_transformations</Filter>
    </ClCompile>
    <ClCompile Include="graph_transformations\nnapi_interpreter.cc">
      <Filter>Source Files\graph_transformations</Filter>
    </ClCompile>
    <ClCompile Include="graph_transformations\optimize_permute.cc">
      <Filter>Source Files\graph_transformations</Filter>
    </ClCompile>
    <ClCompile Include="graph_transformations\t2c.cc">
      <Filter>Source Files\graph_transformations</Filter>
    </ClCompile>
    <ClCompile Include="graph_transformations\transformations.cc">
      <Filter>Source Files\graph_transformations</Filter>
    </ClCompile>
    <ClCompile Include="graph_transformations\validate_quantized_graph.cc">
      <Filter>Source Files\graph_transformations</Filter>
    </ClCompile>
    <ClCompile Include="graph_transformations\t2c.cc">
      <Filter>Source Files\graph_transformations</Filter>
    </ClCompile>
  </ItemGroup>
</Project>